PODS:
  - Logging (1.4.0)
  - SwiftyJSON (4.3.0)

DEPENDENCIES:
  - Logging
  - SwiftyJSON (~> 4.0)

SPEC REPOS:
  trunk:
    - Logging
    - SwiftyJSON

SPEC CHECKSUMS:
  Logging: beeb016c9c80cf77042d62e83495816847ef108b
  SwiftyJSON: 6faa0040f8b59dead0ee07436cbf76b73c08fd08

PODFILE CHECKSUM: 5e3e404b9a3258061e0925a8d524db53bdd54d16

COCOAPODS: 1.11.3
